
Microsoft Visual Studio Solution File, Format Version 12.00
# Visual Studio 15
VisualStudioVersion = 15.0.26730.16
MinimumVisualStudioVersion = 10.0.40219.1
Project("{FAE04EC0-301F-11D3-BF4B-00C04F79EFBC}") = "0.01_BasicTypes", "0.01_BasicTypes\0.01_BasicTypes.csproj", "{C5884FEE-A71F-4E0A-9CB9-1A04CBE30D8A}"
EndProject
Project("{FAE04EC0-301F-11D3-BF4B-00C04F79EFBC}") = "0.02_Conditionals", "0.02_Conditionals\0.02_Conditionals.csproj", "{C6BD20EB-34C1-49A7-AA48-435A869FEAF3}"
EndProject
Project("{FAE04EC0-301F-11D3-BF4B-00C04F79EFBC}") = "0.03_Classes", "0.03_Classes\0.03_Classes.csproj", "{5655EEE2-39FB-46CB-B1BE-692C17049A2B}"
EndProject
Project("{FAE04EC0-301F-11D3-BF4B-00C04F79EFBC}") = "0.04_ClassChallange", "0.04_ClassChallange\0.04_ClassChallange.csproj", "{6E5F6FE6-C0A3-4C2D-96C1-8F6B3FF671CB}"
EndProject
Project("{FAE04EC0-301F-11D3-BF4B-00C04F79EFBC}") = "0.05_OOP_Game", "0.05_OOP_Game\0.05_OOP_Game.csproj", "{FA4E0E33-7F51-4C38-A081-6B91614F6808}"
EndProject
Project("{FAE04EC0-301F-11D3-BF4B-00C04F79EFBC}") = "0.06_Overloading", "0.06_Overloading\0.06_Overloading.csproj", "{222745B0-FE3A-4903-9B17-8837A113CB75}"
EndProject
Project("{FAE04EC0-301F-11D3-BF4B-00C04F79EFBC}") = "0.07_Overwriting", "0.07_Overwriting\0.07_Overwriting.csproj", "{1A21ACAC-EC33-4D89-8A14-0DAA671A2902}"
EndProject
Project("{FAE04EC0-301F-11D3-BF4B-00C04F79EFBC}") = "0.08_Interfaces", "0.08_Interfaces\0.08_Interfaces.csproj", "{1825ADBA-F416-4DCC-BA5D-BDBAA987AB57}"
EndProject
Project("{FAE04EC0-301F-11D3-BF4B-00C04F79EFBC}") = "0.09_Collection_Arrays", "0.09_Collection_Arrays\0.09_Collection_Arrays.csproj", "{2AFD756D-659D-4F06-B049-6A5E32AE6C92}"
EndProject
Project("{FAE04EC0-301F-11D3-BF4B-00C04F79EFBC}") = "0.09_Collections_Directories", "0.09_Collections_Directories\0.09_Collections_Directories.csproj", "{54841DA9-99C0-42A9-BF52-278A054D6693}"
EndProject
Project("{FAE04EC0-301F-11D3-BF4B-00C04F79EFBC}") = "0.09_Collestions_Lists", "0.09_Collestions_Lists\0.09_Collestions_Lists.csproj", "{3EA45A95-58C5-4477-8E6F-32DA0CF433B7}"
EndProject
Project("{FAE04EC0-301F-11D3-BF4B-00C04F79EFBC}") = "0.10_Constuctors", "0.10_Constuctors\0.10_Constuctors.csproj", "{25FEBDA7-4C0F-4B32-BE65-E0E21B207E68}"
EndProject
Project("{FAE04EC0-301F-11D3-BF4B-00C04F79EFBC}") = "0.11_Encapsulation", "0.11_Encapsolation\0.11_Encapsulation.csproj", "{87003CFF-0E8C-4632-AA96-CF33E1E16409}"
EndProject
Project("{FAE04EC0-301F-11D3-BF4B-00C04F79EFBC}") = "0.12_Enums", "0.12_Enums\0.12_Enums.csproj", "{FBBDFAB1-48EE-421A-BF9A-D1D0F7232768}"
EndProject
Project("{FAE04EC0-301F-11D3-BF4B-00C04F79EFBC}") = "0.13_GettersSetters", "0.13_GettersSetters\0.13_GettersSetters.csproj", "{07828A36-7D5C-4592-B1EC-45751D24D98A}"
EndProject
Project("{FAE04EC0-301F-11D3-BF4B-00C04F79EFBC}") = "0.13_LINQ", "0.14_LINQ\0.13_LINQ.csproj", "{8B259C49-7A27-49E0-AE46-250E218A863A}"
EndProject
Project("{FAE04EC0-301F-11D3-BF4B-00C04F79EFBC}") = "AccessModifiers", "0.16_AccessModifiers\AccessModifiers.csproj", "{AC20FAA8-DC54-4B3B-9270-3B9B69F07F22}"
EndProject
Project("{FAE04EC0-301F-11D3-BF4B-00C04F79EFBC}") = "Fields", "0.17_Fields\Fields.csproj", "{D69C76B5-A45E-4B76-B2BC-A20196728B64}"
EndProject
Project("{FAE04EC0-301F-11D3-BF4B-00C04F79EFBC}") = "Interfaces", "0.18_Interfaces\Interfaces.csproj", "{500306A0-F17A-4C0F-8720-2D7CFE1CAAFD}"
EndProject
Project("{FAE04EC0-301F-11D3-BF4B-00C04F79EFBC}") = "WhileIteration", "0.19_WhileIteration\WhileIteration.csproj", "{58E5DCCD-4938-4792-820E-06530D045B96}"
EndProject
Project("{FAE04EC0-301F-11D3-BF4B-00C04F79EFBC}") = "Challange", "Challange\Challange.csproj", "{F28ABE70-E0CF-4B0D-9258-4EF149FC490B}"
EndProject
Project("{FAE04EC0-301F-11D3-BF4B-00C04F79EFBC}") = "Challange-ArrayToLower_ToList", "Challange-ArrayToLower_ToList\Challange-ArrayToLower_ToList.csproj", "{FD3D4D2F-37A7-43D8-BA7B-B7D83F3EB2B5}"
EndProject
Project("{FAE04EC0-301F-11D3-BF4B-00C04F79EFBC}") = "0.20_GPS_Location_Equality_Check", "0.20_GPS_Location_Equality_Check\0.20_GPS_Location_Equality_Check.csproj", "{7B28979E-DCCA-46C1-90B2-36902CE4338A}"
EndProject
Project("{FAE04EC0-301F-11D3-BF4B-00C04F79EFBC}") = "GPS_Coordinates-EqualityChecking", "GPS_Coordinates-EqualityChecking\GPS_Coordinates-EqualityChecking.csproj", "{6BBC6B9F-80FA-4BF6-81C2-38D2268B69CB}"
EndProject
Project("{FAE04EC0-301F-11D3-BF4B-00C04F79EFBC}") = "Gillow", "Gillow\Gillow.csproj", "{B5C74DDC-FEEA-4F74-BEA2-001B8E91C2DA}"
EndProject
Global
	GlobalSection(SolutionConfigurationPlatforms) = preSolution
		Debug|Any CPU = Debug|Any CPU
		Release|Any CPU = Release|Any CPU
	EndGlobalSection
	GlobalSection(ProjectConfigurationPlatforms) = postSolution
		{C5884FEE-A71F-4E0A-9CB9-1A04CBE30D8A}.Debug|Any CPU.ActiveCfg = Debug|Any CPU
		{C5884FEE-A71F-4E0A-9CB9-1A04CBE30D8A}.Debug|Any CPU.Build.0 = Debug|Any CPU
		{C5884FEE-A71F-4E0A-9CB9-1A04CBE30D8A}.Release|Any CPU.ActiveCfg = Release|Any CPU
		{C5884FEE-A71F-4E0A-9CB9-1A04CBE30D8A}.Release|Any CPU.Build.0 = Release|Any CPU
		{C6BD20EB-34C1-49A7-AA48-435A869FEAF3}.Debug|Any CPU.ActiveCfg = Debug|Any CPU
		{C6BD20EB-34C1-49A7-AA48-435A869FEAF3}.Debug|Any CPU.Build.0 = Debug|Any CPU
		{C6BD20EB-34C1-49A7-AA48-435A869FEAF3}.Release|Any CPU.ActiveCfg = Release|Any CPU
		{C6BD20EB-34C1-49A7-AA48-435A869FEAF3}.Release|Any CPU.Build.0 = Release|Any CPU
		{5655EEE2-39FB-46CB-B1BE-692C17049A2B}.Debug|Any CPU.ActiveCfg = Debug|Any CPU
		{5655EEE2-39FB-46CB-B1BE-692C17049A2B}.Debug|Any CPU.Build.0 = Debug|Any CPU
		{5655EEE2-39FB-46CB-B1BE-692C17049A2B}.Release|Any CPU.ActiveCfg = Release|Any CPU
		{5655EEE2-39FB-46CB-B1BE-692C17049A2B}.Release|Any CPU.Build.0 = Release|Any CPU
		{6E5F6FE6-C0A3-4C2D-96C1-8F6B3FF671CB}.Debug|Any CPU.ActiveCfg = Debug|Any CPU
		{6E5F6FE6-C0A3-4C2D-96C1-8F6B3FF671CB}.Debug|Any CPU.Build.0 = Debug|Any CPU
		{6E5F6FE6-C0A3-4C2D-96C1-8F6B3FF671CB}.Release|Any CPU.ActiveCfg = Release|Any CPU
		{6E5F6FE6-C0A3-4C2D-96C1-8F6B3FF671CB}.Release|Any CPU.Build.0 = Release|Any CPU
		{FA4E0E33-7F51-4C38-A081-6B91614F6808}.Debug|Any CPU.ActiveCfg = Debug|Any CPU
		{FA4E0E33-7F51-4C38-A081-6B91614F6808}.Debug|Any CPU.Build.0 = Debug|Any CPU
		{FA4E0E33-7F51-4C38-A081-6B91614F6808}.Release|Any CPU.ActiveCfg = Release|Any CPU
		{FA4E0E33-7F51-4C38-A081-6B91614F6808}.Release|Any CPU.Build.0 = Release|Any CPU
		{222745B0-FE3A-4903-9B17-8837A113CB75}.Debug|Any CPU.ActiveCfg = Debug|Any CPU
		{222745B0-FE3A-4903-9B17-8837A113CB75}.Debug|Any CPU.Build.0 = Debug|Any CPU
		{222745B0-FE3A-4903-9B17-8837A113CB75}.Release|Any CPU.ActiveCfg = Release|Any CPU
		{222745B0-FE3A-4903-9B17-8837A113CB75}.Release|Any CPU.Build.0 = Release|Any CPU
		{1A21ACAC-EC33-4D89-8A14-0DAA671A2902}.Debug|Any CPU.ActiveCfg = Debug|Any CPU
		{1A21ACAC-EC33-4D89-8A14-0DAA671A2902}.Debug|Any CPU.Build.0 = Debug|Any CPU
		{1A21ACAC-EC33-4D89-8A14-0DAA671A2902}.Release|Any CPU.ActiveCfg = Release|Any CPU
		{1A21ACAC-EC33-4D89-8A14-0DAA671A2902}.Release|Any CPU.Build.0 = Release|Any CPU
		{1825ADBA-F416-4DCC-BA5D-BDBAA987AB57}.Debug|Any CPU.ActiveCfg = Debug|Any CPU
		{1825ADBA-F416-4DCC-BA5D-BDBAA987AB57}.Debug|Any CPU.Build.0 = Debug|Any CPU
		{1825ADBA-F416-4DCC-BA5D-BDBAA987AB57}.Release|Any CPU.ActiveCfg = Release|Any CPU
		{1825ADBA-F416-4DCC-BA5D-BDBAA987AB57}.Release|Any CPU.Build.0 = Release|Any CPU
		{2AFD756D-659D-4F06-B049-6A5E32AE6C92}.Debug|Any CPU.ActiveCfg = Debug|Any CPU
		{2AFD756D-659D-4F06-B049-6A5E32AE6C92}.Debug|Any CPU.Build.0 = Debug|Any CPU
		{2AFD756D-659D-4F06-B049-6A5E32AE6C92}.Release|Any CPU.ActiveCfg = Release|Any CPU
		{2AFD756D-659D-4F06-B049-6A5E32AE6C92}.Release|Any CPU.Build.0 = Release|Any CPU
		{54841DA9-99C0-42A9-BF52-278A054D6693}.Debug|Any CPU.ActiveCfg = Debug|Any CPU
		{54841DA9-99C0-42A9-BF52-278A054D6693}.Debug|Any CPU.Build.0 = Debug|Any CPU
		{54841DA9-99C0-42A9-BF52-278A054D6693}.Release|Any CPU.ActiveCfg = Release|Any CPU
		{54841DA9-99C0-42A9-BF52-278A054D6693}.Release|Any CPU.Build.0 = Release|Any CPU
		{3EA45A95-58C5-4477-8E6F-32DA0CF433B7}.Debug|Any CPU.ActiveCfg = Debug|Any CPU
		{3EA45A95-58C5-4477-8E6F-32DA0CF433B7}.Debug|Any CPU.Build.0 = Debug|Any CPU
		{3EA45A95-58C5-4477-8E6F-32DA0CF433B7}.Release|Any CPU.ActiveCfg = Release|Any CPU
		{3EA45A95-58C5-4477-8E6F-32DA0CF433B7}.Release|Any CPU.Build.0 = Release|Any CPU
		{25FEBDA7-4C0F-4B32-BE65-E0E21B207E68}.Debug|Any CPU.ActiveCfg = Debug|Any CPU
		{25FEBDA7-4C0F-4B32-BE65-E0E21B207E68}.Debug|Any CPU.Build.0 = Debug|Any CPU
		{25FEBDA7-4C0F-4B32-BE65-E0E21B207E68}.Release|Any CPU.ActiveCfg = Release|Any CPU
		{25FEBDA7-4C0F-4B32-BE65-E0E21B207E68}.Release|Any CPU.Build.0 = Release|Any CPU
		{87003CFF-0E8C-4632-AA96-CF33E1E16409}.Debug|Any CPU.ActiveCfg = Debug|Any CPU
		{87003CFF-0E8C-4632-AA96-CF33E1E16409}.Debug|Any CPU.Build.0 = Debug|Any CPU
		{87003CFF-0E8C-4632-AA96-CF33E1E16409}.Release|Any CPU.ActiveCfg = Release|Any CPU
		{87003CFF-0E8C-4632-AA96-CF33E1E16409}.Release|Any CPU.Build.0 = Release|Any CPU
		{FBBDFAB1-48EE-421A-BF9A-D1D0F7232768}.Debug|Any CPU.ActiveCfg = Debug|Any CPU
		{FBBDFAB1-48EE-421A-BF9A-D1D0F7232768}.Debug|Any CPU.Build.0 = Debug|Any CPU
		{FBBDFAB1-48EE-421A-BF9A-D1D0F7232768}.Release|Any CPU.ActiveCfg = Release|Any CPU
		{FBBDFAB1-48EE-421A-BF9A-D1D0F7232768}.Release|Any CPU.Build.0 = Release|Any CPU
		{07828A36-7D5C-4592-B1EC-45751D24D98A}.Debug|Any CPU.ActiveCfg = Debug|Any CPU
		{07828A36-7D5C-4592-B1EC-45751D24D98A}.Debug|Any CPU.Build.0 = Debug|Any CPU
		{07828A36-7D5C-4592-B1EC-45751D24D98A}.Release|Any CPU.ActiveCfg = Release|Any CPU
		{07828A36-7D5C-4592-B1EC-45751D24D98A}.Release|Any CPU.Build.0 = Release|Any CPU
		{8B259C49-7A27-49E0-AE46-250E218A863A}.Debug|Any CPU.ActiveCfg = Debug|Any CPU
		{8B259C49-7A27-49E0-AE46-250E218A863A}.Debug|Any CPU.Build.0 = Debug|Any CPU
		{8B259C49-7A27-49E0-AE46-250E218A863A}.Release|Any CPU.ActiveCfg = Release|Any CPU
		{8B259C49-7A27-49E0-AE46-250E218A863A}.Release|Any CPU.Build.0 = Release|Any CPU
		{AC20FAA8-DC54-4B3B-9270-3B9B69F07F22}.Debug|Any CPU.ActiveCfg = Debug|Any CPU
		{AC20FAA8-DC54-4B3B-9270-3B9B69F07F22}.Debug|Any CPU.Build.0 = Debug|Any CPU
		{AC20FAA8-DC54-4B3B-9270-3B9B69F07F22}.Release|Any CPU.ActiveCfg = Release|Any CPU
		{AC20FAA8-DC54-4B3B-9270-3B9B69F07F22}.Release|Any CPU.Build.0 = Release|Any CPU
		{D69C76B5-A45E-4B76-B2BC-A20196728B64}.Debug|Any CPU.ActiveCfg = Debug|Any CPU
		{D69C76B5-A45E-4B76-B2BC-A20196728B64}.Debug|Any CPU.Build.0 = Debug|Any CPU
		{D69C76B5-A45E-4B76-B2BC-A20196728B64}.Release|Any CPU.ActiveCfg = Release|Any CPU
		{D69C76B5-A45E-4B76-B2BC-A20196728B64}.Release|Any CPU.Build.0 = Release|Any CPU
		{500306A0-F17A-4C0F-8720-2D7CFE1CAAFD}.Debug|Any CPU.ActiveCfg = Debug|Any CPU
		{500306A0-F17A-4C0F-8720-2D7CFE1CAAFD}.Debug|Any CPU.Build.0 = Debug|Any CPU
		{500306A0-F17A-4C0F-8720-2D7CFE1CAAFD}.Release|Any CPU.ActiveCfg = Release|Any CPU
		{500306A0-F17A-4C0F-8720-2D7CFE1CAAFD}.Release|Any CPU.Build.0 = Release|Any CPU
		{58E5DCCD-4938-4792-820E-06530D045B96}.Debug|Any CPU.ActiveCfg = Debug|Any CPU
		{58E5DCCD-4938-4792-820E-06530D045B96}.Debug|Any CPU.Build.0 = Debug|Any CPU
		{58E5DCCD-4938-4792-820E-06530D045B96}.Release|Any CPU.ActiveCfg = Release|Any CPU
		{58E5DCCD-4938-4792-820E-06530D045B96}.Release|Any CPU.Build.0 = Release|Any CPU
		{F28ABE70-E0CF-4B0D-9258-4EF149FC490B}.Debug|Any CPU.ActiveCfg = Debug|Any CPU
		{F28ABE70-E0CF-4B0D-9258-4EF149FC490B}.Debug|Any CPU.Build.0 = Debug|Any CPU
		{F28ABE70-E0CF-4B0D-9258-4EF149FC490B}.Release|Any CPU.ActiveCfg = Release|Any CPU
		{F28ABE70-E0CF-4B0D-9258-4EF149FC490B}.Release|Any CPU.Build.0 = Release|Any CPU
		{FD3D4D2F-37A7-43D8-BA7B-B7D83F3EB2B5}.Debug|Any CPU.ActiveCfg = Debug|Any CPU
		{FD3D4D2F-37A7-43D8-BA7B-B7D83F3EB2B5}.Debug|Any CPU.Build.0 = Debug|Any CPU
		{FD3D4D2F-37A7-43D8-BA7B-B7D83F3EB2B5}.Release|Any CPU.ActiveCfg = Release|Any CPU
		{FD3D4D2F-37A7-43D8-BA7B-B7D83F3EB2B5}.Release|Any CPU.Build.0 = Release|Any CPU
		{7B28979E-DCCA-46C1-90B2-36902CE4338A}.Debug|Any CPU.ActiveCfg = Debug|Any CPU
		{7B28979E-DCCA-46C1-90B2-36902CE4338A}.Debug|Any CPU.Build.0 = Debug|Any CPU
		{7B28979E-DCCA-46C1-90B2-36902CE4338A}.Release|Any CPU.ActiveCfg = Release|Any CPU
		{7B28979E-DCCA-46C1-90B2-36902CE4338A}.Release|Any CPU.Build.0 = Release|Any CPU
		{6BBC6B9F-80FA-4BF6-81C2-38D2268B69CB}.Debug|Any CPU.ActiveCfg = Debug|Any CPU
		{6BBC6B9F-80FA-4BF6-81C2-38D2268B69CB}.Debug|Any CPU.Build.0 = Debug|Any CPU
		{6BBC6B9F-80FA-4BF6-81C2-38D2268B69CB}.Release|Any CPU.ActiveCfg = Release|Any CPU
		{6BBC6B9F-80FA-4BF6-81C2-38D2268B69CB}.Release|Any CPU.Build.0 = Release|Any CPU
		{B5C74DDC-FEEA-4F74-BEA2-001B8E91C2DA}.Debug|Any CPU.ActiveCfg = Debug|Any CPU
		{B5C74DDC-FEEA-4F74-BEA2-001B8E91C2DA}.Debug|Any CPU.Build.0 = Debug|Any CPU
		{B5C74DDC-FEEA-4F74-BEA2-001B8E91C2DA}.Release|Any CPU.ActiveCfg = Release|Any CPU
		{B5C74DDC-FEEA-4F74-BEA2-001B8E91C2DA}.Release|Any CPU.Build.0 = Release|Any CPU
	EndGlobalSection
	GlobalSection(SolutionProperties) = preSolution
		HideSolutionNode = FALSE
	EndGlobalSection
	GlobalSection(ExtensibilityGlobals) = postSolution
		SolutionGuid = {381E3D56-EBB6-4593-80A8-23FF738172C8}
	EndGlobalSection
EndGlobal
